
Microsoft Visual Studio Solution File, Format Version 12.00
# Visual Studio Version 17
VisualStudioVersion = 17.11.35327.3
MinimumVisualStudioVersion = 10.0.40219.1
Project("{9A19103F-16F7-4668-BE54-9A1E7A4F7556}") = "SistemaVentas.Web.MVC", "SistemaVentas.Web.MVC\SistemaVentas.Web.MVC.csproj", "{FF357DE4-A1F8-4359-A39E-E794D235632A}"
EndProject
Project("{9A19103F-16F7-4668-BE54-9A1E7A4F7556}") = "SistemaVentas.Dominio", "SistemaVentas.Dominio\SistemaVentas.Dominio.csproj", "{3380F64A-5FDA-444F-AE48-2B343DD32F03}"
EndProject
Project("{9A19103F-16F7-4668-BE54-9A1E7A4F7556}") = "SistemaVentas.Infraestructura", "SistemaVentas.Infraestructura\SistemaVentas.Infraestructura.csproj", "{63E26FF5-A908-4498-BAE6-AC2D88E6DB40}"
EndProject
Project("{FAE04EC0-301F-11D3-BF4B-00C04F79EFBC}") = "SistemaVentas.Web.RazorPages", "SistemaVentas.Web.RazorPages\SistemaVentas.Web.RazorPages.csproj", "{547A03F0-54DF-4A4D-B160-A57822DA455F}"
EndProject
Global
	GlobalSection(SolutionConfigurationPlatforms) = preSolution
		Debug|Any CPU = Debug|Any CPU
		Release|Any CPU = Release|Any CPU
	EndGlobalSection
	GlobalSection(ProjectConfigurationPlatforms) = postSolution
		{FF357DE4-A1F8-4359-A39E-E794D235632A}.Debug|Any CPU.ActiveCfg = Debug|Any CPU
		{FF357DE4-A1F8-4359-A39E-E794D235632A}.Debug|Any CPU.Build.0 = Debug|Any CPU
		{FF357DE4-A1F8-4359-A39E-E794D235632A}.Release|Any CPU.ActiveCfg = Release|Any CPU
		{FF357DE4-A1F8-4359-A39E-E794D235632A}.Release|Any CPU.Build.0 = Release|Any CPU
		{3380F64A-5FDA-444F-AE48-2B343DD32F03}.Debug|Any CPU.ActiveCfg = Debug|Any CPU
		{3380F64A-5FDA-444F-AE48-2B343DD32F03}.Debug|Any CPU.Build.0 = Debug|Any CPU
		{3380F64A-5FDA-444F-AE48-2B343DD32F03}.Release|Any CPU.ActiveCfg = Release|Any CPU
		{3380F64A-5FDA-444F-AE48-2B343DD32F03}.Release|Any CPU.Build.0 = Release|Any CPU
		{63E26FF5-A908-4498-BAE6-AC2D88E6DB40}.Debug|Any CPU.ActiveCfg = Debug|Any CPU
		{63E26FF5-A908-4498-BAE6-AC2D88E6DB40}.Debug|Any CPU.Build.0 = Debug|Any CPU
		{63E26FF5-A908-4498-BAE6-AC2D88E6DB40}.Release|Any CPU.ActiveCfg = Release|Any CPU
		{63E26FF5-A908-4498-BAE6-AC2D88E6DB40}.Release|Any CPU.Build.0 = Release|Any CPU
		{547A03F0-54DF-4A4D-B160-A57822DA455F}.Debug|Any CPU.ActiveCfg = Debug|Any CPU
		{547A03F0-54DF-4A4D-B160-A57822DA455F}.Debug|Any CPU.Build.0 = Debug|Any CPU
		{547A03F0-54DF-4A4D-B160-A57822DA455F}.Release|Any CPU.ActiveCfg = Release|Any CPU
		{547A03F0-54DF-4A4D-B160-A57822DA455F}.Release|Any CPU.Build.0 = Release|Any CPU
	EndGlobalSection
	GlobalSection(SolutionProperties) = preSolution
		HideSolutionNode = FALSE
	EndGlobalSection
	GlobalSection(ExtensibilityGlobals) = postSolution
		SolutionGuid = {6FE2AD1A-B591-413E-A52C-04D773341F29}
	EndGlobalSection
EndGlobal
